// !$*UTF8*$!
{
	archiveVersion = 1;
	classes = {
	};
	objectVersion = 50;
	objects = {

/* Begin PBXBuildFile section */
		6923A81121CC31A300038339 /* Extensions.swift in Sources */ = {isa = PBXBuildFile; fileRef = 6923A81021CC31A300038339 /* Extensions.swift */; };
		6923A81721CD51F000038339 /* DeviceRealmController.swift in Sources */ = {isa = PBXBuildFile; fileRef = 6923A81621CD51F000038339 /* DeviceRealmController.swift */; };
		69AC909221CBA4A4005B74E3 /* AppDelegate.swift in Sources */ = {isa = PBXBuildFile; fileRef = 69AC909121CBA4A4005B74E3 /* AppDelegate.swift */; };
		69AC909721CBA4A4005B74E3 /* Main.storyboard in Resources */ = {isa = PBXBuildFile; fileRef = 69AC909521CBA4A4005B74E3 /* Main.storyboard */; };
		69AC909921CBA4A6005B74E3 /* Assets.xcassets in Resources */ = {isa = PBXBuildFile; fileRef = 69AC909821CBA4A6005B74E3 /* Assets.xcassets */; };
		69AC909C21CBA4A6005B74E3 /* LaunchScreen.storyboard in Resources */ = {isa = PBXBuildFile; fileRef = 69AC909A21CBA4A6005B74E3 /* LaunchScreen.storyboard */; };
		69AC90A821CBCA92005B74E3 /* SearchViewController.swift in Sources */ = {isa = PBXBuildFile; fileRef = 69AC90A721CBCA92005B74E3 /* SearchViewController.swift */; };
		69AC90AA21CBCF11005B74E3 /* DevicesListTableViewController.swift in Sources */ = {isa = PBXBuildFile; fileRef = 69AC90A921CBCF11005B74E3 /* DevicesListTableViewController.swift */; };
		69AC90AC21CBDEA1005B74E3 /* Device.swift in Sources */ = {isa = PBXBuildFile; fileRef = 69AC90AB21CBDEA1005B74E3 /* Device.swift */; };
		69AC90B021CC2BDB005B74E3 /* DeviceNetworkController.swift in Sources */ = {isa = PBXBuildFile; fileRef = 69AC90AF21CC2BDB005B74E3 /* DeviceNetworkController.swift */; };
/* End PBXBuildFile section */

/* Begin PBXFileReference section */
		6923A81021CC31A300038339 /* Extensions.swift */ = {isa = PBXFileReference; lastKnownFileType = sourcecode.swift; path = Extensions.swift; sourceTree = "<group>"; };
		6923A81621CD51F000038339 /* DeviceRealmController.swift */ = {isa = PBXFileReference; lastKnownFileType = sourcecode.swift; path = DeviceRealmController.swift; sourceTree = "<group>"; };
		69AC908E21CBA4A4005B74E3 /* PhoneLibrary.app */ = {isa = PBXFileReference; explicitFileType = wrapper.application; includeInIndex = 0; path = PhoneLibrary.app; sourceTree = BUILT_PRODUCTS_DIR; };
		69AC909121CBA4A4005B74E3 /* AppDelegate.swift */ = {isa = PBXFileReference; lastKnownFileType = sourcecode.swift; path = AppDelegate.swift; sourceTree = "<group>"; };
		69AC909621CBA4A4005B74E3 /* Base */ = {isa = PBXFileReference; lastKnownFileType = file.storyboard; name = Base; path = Base.lproj/Main.storyboard; sourceTree = "<group>"; };
		69AC909821CBA4A6005B74E3 /* Assets.xcassets */ = {isa = PBXFileReference; lastKnownFileType = folder.assetcatalog; path = Assets.xcassets; sourceTree = "<group>"; };
		69AC909B21CBA4A6005B74E3 /* Base */ = {isa = PBXFileReference; lastKnownFileType = file.storyboard; name = Base; path = Base.lproj/LaunchScreen.storyboard; sourceTree = "<group>"; };
		69AC909D21CBA4A6005B74E3 /* Info.plist */ = {isa = PBXFileReference; lastKnownFileType = text.plist.xml; path = Info.plist; sourceTree = "<group>"; };
		69AC90A721CBCA92005B74E3 /* SearchViewController.swift */ = {isa = PBXFileReference; lastKnownFileType = sourcecode.swift; path = SearchViewController.swift; sourceTree = "<group>"; };
		69AC90A921CBCF11005B74E3 /* DevicesListTableViewController.swift */ = {isa = PBXFileReference; lastKnownFileType = sourcecode.swift; path = DevicesListTableViewController.swift; sourceTree = "<group>"; };
		69AC90AB21CBDEA1005B74E3 /* Device.swift */ = {isa = PBXFileReference; lastKnownFileType = sourcecode.swift; path = Device.swift; sourceTree = "<group>"; };
		69AC90AF21CC2BDB005B74E3 /* DeviceNetworkController.swift */ = {isa = PBXFileReference; lastKnownFileType = sourcecode.swift; path = DeviceNetworkController.swift; sourceTree = "<group>"; };
/* End PBXFileReference section */

/* Begin PBXFrameworksBuildPhase section */
		69AC908B21CBA4A4005B74E3 /* Frameworks */ = {
			isa = PBXFrameworksBuildPhase;
			buildActionMask = 2147483647;
			files = (
			);
			runOnlyForDeploymentPostprocessing = 0;
		};
/* End PBXFrameworksBuildPhase section */

/* Begin PBXGroup section */
		69AC908521CBA4A4005B74E3 = {
			isa = PBXGroup;
			children = (
				69AC909021CBA4A4005B74E3 /* PhoneLibrary */,
				69AC908F21CBA4A4005B74E3 /* Products */,
			);
			sourceTree = "<group>";
		};
		69AC908F21CBA4A4005B74E3 /* Products */ = {
			isa = PBXGroup;
			children = (
				69AC908E21CBA4A4005B74E3 /* PhoneLibrary.app */,
			);
			name = Products;
			sourceTree = "<group>";
		};
		69AC909021CBA4A4005B74E3 /* PhoneLibrary */ = {
			isa = PBXGroup;
			children = (
				69AC909521CBA4A4005B74E3 /* Main.storyboard */,
				69AC909121CBA4A4005B74E3 /* AppDelegate.swift */,
				69AC90A321CBAB24005B74E3 /* View Controllers */,
				69AC90A421CBAB5F005B74E3 /* Views */,
				69AC90A521CBAB6E005B74E3 /* Model */,
				69AC90A621CBAB76005B74E3 /* Other controllers */,
				69AC909821CBA4A6005B74E3 /* Assets.xcassets */,
				69AC909A21CBA4A6005B74E3 /* LaunchScreen.storyboard */,
				69AC909D21CBA4A6005B74E3 /* Info.plist */,
			);
			path = PhoneLibrary;
			sourceTree = "<group>";
		};
		69AC90A321CBAB24005B74E3 /* View Controllers */ = {
			isa = PBXGroup;
			children = (
				69AC90A721CBCA92005B74E3 /* SearchViewController.swift */,
				69AC90A921CBCF11005B74E3 /* DevicesListTableViewController.swift */,
			);
			path = "View Controllers";
			sourceTree = "<group>";
		};
		69AC90A421CBAB5F005B74E3 /* Views */ = {
			isa = PBXGroup;
			children = (
			);
			name = Views;
			sourceTree = "<group>";
		};
		69AC90A521CBAB6E005B74E3 /* Model */ = {
			isa = PBXGroup;
			children = (
				69AC90AB21CBDEA1005B74E3 /* Device.swift */,
				6923A81021CC31A300038339 /* Extensions.swift */,
			);
			name = Model;
			sourceTree = "<group>";
		};
		69AC90A621CBAB76005B74E3 /* Other controllers */ = {
			isa = PBXGroup;
			children = (
				69AC90AF21CC2BDB005B74E3 /* DeviceNetworkController.swift */,
				6923A81621CD51F000038339 /* DeviceRealmController.swift */,
			);
			path = "Other controllers";
			sourceTree = "<group>";
		};
/* End PBXGroup section */

/* Begin PBXNativeTarget section */
		69AC908D21CBA4A4005B74E3 /* PhoneLibrary */ = {
			isa = PBXNativeTarget;
			buildConfigurationList = 69AC90A021CBA4A6005B74E3 /* Build configuration list for PBXNativeTarget "PhoneLibrary" */;
			buildPhases = (
				69AC908A21CBA4A4005B74E3 /* Sources */,
				69AC908B21CBA4A4005B74E3 /* Frameworks */,
				69AC908C21CBA4A4005B74E3 /* Resources */,
			);
			buildRules = (
			);
			dependencies = (
			);
			name = PhoneLibrary;
			productName = PhoneLibrary;
			productReference = 69AC908E21CBA4A4005B74E3 /* PhoneLibrary.app */;
			productType = "com.apple.product-type.application";
		};
/* End PBXNativeTarget section */

/* Begin PBXProject section */
		69AC908621CBA4A4005B74E3 /* Project object */ = {
			isa = PBXProject;
			attributes = {
				LastSwiftUpdateCheck = 1010;
				LastUpgradeCheck = 1010;
				ORGANIZATIONNAME = "Robin De Bock";
				TargetAttributes = {
					69AC908D21CBA4A4005B74E3 = {
						CreatedOnToolsVersion = 10.1;
					};
				};
			};
			buildConfigurationList = 69AC908921CBA4A4005B74E3 /* Build configuration list for PBXProject "PhoneLibrary" */;
			compatibilityVersion = "Xcode 9.3";
			developmentRegion = en;
			hasScannedForEncodings = 0;
			knownRegions = (
				en,
				Base,
			);
			mainGroup = 69AC908521CBA4A4005B74E3;
			productRefGroup = 69AC908F21CBA4A4005B74E3 /* Products */;
			projectDirPath = "";
			projectRoot = "";
			targets = (
				69AC908D21CBA4A4005B74E3 /* PhoneLibrary */,
			);
		};
/* End PBXProject section */

/* Begin PBXResourcesBuildPhase section */
		69AC908C21CBA4A4005B74E3 /* Resources */ = {
			isa = PBXResourcesBuildPhase;
			buildActionMask = 2147483647;
			files = (
				69AC909C21CBA4A6005B74E3 /* LaunchScreen.storyboard in Resources */,
				69AC909921CBA4A6005B74E3 /* Assets.xcassets in Resources */,
				69AC909721CBA4A4005B74E3 /* Main.storyboard in Resources */,
			);
			runOnlyForDeploymentPostprocessing = 0;
		};
/* End PBXResourcesBuildPhase section */

/* Begin PBXSourcesBuildPhase section */
		69AC908A21CBA4A4005B74E3 /* Sources */ = {
			isa = PBXSourcesBuildPhase;
			buildActionMask = 2147483647;
			files = (
				69AC90AC21CBDEA1005B74E3 /* Device.swift in Sources */,
				69AC90A821CBCA92005B74E3 /* SearchViewController.swift in Sources */,
				69AC90AA21CBCF11005B74E3 /* DevicesListTableViewController.swift in Sources */,
				6923A81721CD51F000038339 /* DeviceRealmController.swift in Sources */,
				69AC909221CBA4A4005B74E3 /* AppDelegate.swift in Sources */,
				69AC90B021CC2BDB005B74E3 /* DeviceNetworkController.swift in Sources */,
				6923A81121CC31A300038339 /* Extensions.swift in Sources */,
			);
			runOnlyForDeploymentPostprocessing = 0;
		};
/* End PBXSourcesBuildPhase section */

/* Begin PBXVariantGroup section */
		69AC909521CBA4A4005B74E3 /* Main.storyboard */ = {
			isa = PBXVariantGroup;
			children = (
				69AC909621CBA4A4005B74E3 /* Base */,
			);
			name = Main.storyboard;
			sourceTree = "<group>";
		};
		69AC909A21CBA4A6005B74E3 /* LaunchScreen.storyboard */ = {
			isa = PBXVariantGroup;
			children = (
				69AC909B21CBA4A6005B74E3 /* Base */,
			);
			name = LaunchScreen.storyboard;
			sourceTree = "<group>";
		};
/* End PBXVariantGroup section */

/* Begin XCBuildConfiguration section */
		69AC909E21CBA4A6005B74E3 /* Debug */ = {
			isa = XCBuildConfiguration;
			buildSettings = {
				ALWAYS_SEARCH_USER_PATHS = NO;
				CLANG_ANALYZER_NONNULL = YES;
				CLANG_ANALYZER_NUMBER_OBJECT_CONVERSION = YES_AGGRESSIVE;
				CLANG_CXX_LANGUAGE_STANDARD = "gnu++14";
				CLANG_CXX_LIBRARY = "libc++";
				CLANG_ENABLE_MODULES = YES;
				CLANG_ENABLE_OBJC_ARC = YES;
				CLANG_ENABLE_OBJC_WEAK = YES;
				CLANG_WARN_BLOCK_CAPTURE_AUTORELEASING = YES;
				CLANG_WARN_BOOL_CONVERSION = YES;
				CLANG_WARN_COMMA = YES;
				CLANG_WARN_CONSTANT_CONVERSION = YES;
				CLANG_WARN_DEPRECATED_OBJC_IMPLEMENTATIONS = YES;
				CLANG_WARN_DIRECT_OBJC_ISA_USAGE = YES_ERROR;
				CLANG_WARN_DOCUMENTATION_COMMENTS = YES;
				CLANG_WARN_EMPTY_BODY = YES;
				CLANG_WARN_ENUM_CONVERSION = YES;
				CLANG_WARN_INFINITE_RECURSION = YES;
				CLANG_WARN_INT_CONVERSION = YES;
				CLANG_WARN_NON_LITERAL_NULL_CONVERSION = YES;
				CLANG_WARN_OBJC_IMPLICIT_RETAIN_SELF = YES;
				CLANG_WARN_OBJC_LITERAL_CONVERSION = YES;
				CLANG_WARN_OBJC_ROOT_CLASS = YES_ERROR;
				CLANG_WARN_RANGE_LOOP_ANALYSIS = YES;
				CLANG_WARN_STRICT_PROTOTYPES = YES;
				CLANG_WARN_SUSPICIOUS_MOVE = YES;
				CLANG_WARN_UNGUARDED_AVAILABILITY = YES_AGGRESSIVE;
				CLANG_WARN_UNREACHABLE_CODE = YES;
				CLANG_WARN__DUPLICATE_METHOD_MATCH = YES;
				CODE_SIGN_IDENTITY = "iPhone Developer";
				COPY_PHASE_STRIP = NO;
				DEBUG_INFORMATION_FORMAT = dwarf;
				ENABLE_STRICT_OBJC_MSGSEND = YES;
				ENABLE_TESTABILITY = YES;
				GCC_C_LANGUAGE_STANDARD = gnu11;
				GCC_DYNAMIC_NO_PIC = NO;
				GCC_NO_COMMON_BLOCKS = YES;
				GCC_OPTIMIZATION_LEVEL = 0;
				GCC_PREPROCESSOR_DEFINITIONS = (
					"DEBUG=1",
					"$(inherited)",
				);
				GCC_WARN_64_TO_32_BIT_CONVERSION = YES;
				GCC_WARN_ABOUT_RETURN_TYPE = YES_ERROR;
				GCC_WARN_UNDECLARED_SELECTOR = YES;
				GCC_WARN_UNINITIALIZED_AUTOS = YES_AGGRESSIVE;
				GCC_WARN_UNUSED_FUNCTION = YES;
				GCC_WARN_UNUSED_VARIABLE = YES;
				IPHONEOS_DEPLOYMENT_TARGET = 12.1;
				MTL_ENABLE_DEBUG_INFO = INCLUDE_SOURCE;
				MTL_FAST_MATH = YES;
				ONLY_ACTIVE_ARCH = YES;
				SDKROOT = iphoneos;
				SWIFT_ACTIVE_COMPILATION_CONDITIONS = DEBUG;
				SWIFT_OPTIMIZATION_LEVEL = "-Onone";
			};
			name = Debug;
		};
		69AC909F21CBA4A6005B74E3 /* Release */ = {
			isa = XCBuildConfiguration;
			buildSettings = {
				ALWAYS_SEARCH_USER_PATHS = NO;
				CLANG_ANALYZER_NONNULL = YES;
				CLANG_ANALYZER_NUMBER_OBJECT_CONVERSION = YES_AGGRESSIVE;
				CLANG_CXX_LANGUAGE_STANDARD = "gnu++14";
				CLANG_CXX_LIBRARY = "libc++";
				CLANG_ENABLE_MODULES = YES;
				CLANG_ENABLE_OBJC_ARC = YES;
				CLANG_ENABLE_OBJC_WEAK = YES;
				CLANG_WARN_BLOCK_CAPTURE_AUTORELEASING = YES;
				CLANG_WARN_BOOL_CONVERSION = YES;
				CLANG_WARN_COMMA = YES;
				CLANG_WARN_CONSTANT_CONVERSION = YES;
				CLANG_WARN_DEPRECATED_OBJC_IMPLEMENTATIONS = YES;
				CLANG_WARN_DIRECT_OBJC_ISA_USAGE = YES_ERROR;
				CLANG_WARN_DOCUMENTATION_COMMENTS = YES;
				CLANG_WARN_EMPTY_BODY = YES;
				CLANG_WARN_ENUM_CONVERSION = YES;
				CLANG_WARN_INFINITE_RECURSION = YES;
				CLANG_WARN_INT_CONVERSION = YES;
				CLANG_WARN_NON_LITERAL_NULL_CONVERSION = YES;
				CLANG_WARN_OBJC_IMPLICIT_RETAIN_SELF = YES;
				CLANG_WARN_OBJC_LITERAL_CONVERSION = YES;
				CLANG_WARN_OBJC_ROOT_CLASS = YES_ERROR;
				CLANG_WARN_RANGE_LOOP_ANALYSIS = YES;
				CLANG_WARN_STRICT_PROTOTYPES = YES;
				CLANG_WARN_SUSPICIOUS_MOVE = YES;
				CLANG_WARN_UNGUARDED_AVAILABILITY = YES_AGGRESSIVE;
				CLANG_WARN_UNREACHABLE_CODE = YES;
				CLANG_WARN__DUPLICATE_METHOD_MATCH = YES;
				CODE_SIGN_IDENTITY = "iPhone Developer";
				COPY_PHASE_STRIP = NO;
				DEBUG_INFORMATION_FORMAT = "dwarf-with-dsym";
				ENABLE_NS_ASSERTIONS = NO;
				ENABLE_STRICT_OBJC_MSGSEND = YES;
				GCC_C_LANGUAGE_STANDARD = gnu11;
				GCC_NO_COMMON_BLOCKS = YES;
				GCC_WARN_64_TO_32_BIT_CONVERSION = YES;
				GCC_WARN_ABOUT_RETURN_TYPE = YES_ERROR;
				GCC_WARN_UNDECLARED_SELECTOR = YES;
				GCC_WARN_UNINITIALIZED_AUTOS = YES_AGGRESSIVE;
				GCC_WARN_UNUSED_FUNCTION = YES;
				GCC_WARN_UNUSED_VARIABLE = YES;
				IPHONEOS_DEPLOYMENT_TARGET = 12.1;
				MTL_ENABLE_DEBUG_INFO = NO;
				MTL_FAST_MATH = YES;
				SDKROOT = iphoneos;
				SWIFT_COMPILATION_MODE = wholemodule;
				SWIFT_OPTIMIZATION_LEVEL = "-O";
				VALIDATE_PRODUCT = YES;
			};
			name = Release;
		};
		69AC90A121CBA4A6005B74E3 /* Debug */ = {
			isa = XCBuildConfiguration;
			buildSettings = {
				ASSETCATALOG_COMPILER_APPICON_NAME = AppIcon;
				CODE_SIGN_IDENTITY = "iPhone Developer";
				CODE_SIGN_STYLE = Automatic;
				DEVELOPMENT_TEAM = 3VZV827YMW;
				INFOPLIST_FILE = PhoneLibrary/Info.plist;
				LD_RUNPATH_SEARCH_PATHS = (
					"$(inherited)",
					"@executable_path/Frameworks",
				);
				PRODUCT_BUNDLE_IDENTIFIER = com.example.PhoneLibrary;
				PRODUCT_NAME = "$(TARGET_NAME)";
				PROVISIONING_PROFILE_SPECIFIER = "";
				SWIFT_VERSION = 4.2;
				TARGETED_DEVICE_FAMILY = "1,2";
			};
			name = Debug;
		};
		69AC90A221CBA4A6005B74E3 /* Release */ = {
			isa = XCBuildConfiguration;
			buildSettings = {
				ASSETCATALOG_COMPILER_APPICON_NAME = AppIcon;
				CODE_SIGN_IDENTITY = "iPhone Developer";
				CODE_SIGN_STYLE = Automatic;
				DEVELOPMENT_TEAM = 3VZV827YMW;
				INFOPLIST_FILE = PhoneLibrary/Info.plist;
				LD_RUNPATH_SEARCH_PATHS = (
					"$(inherited)",
					"@executable_path/Frameworks",
				);
				PRODUCT_BUNDLE_IDENTIFIER = com.example.PhoneLibrary;
				PRODUCT_NAME = "$(TARGET_NAME)";
				PROVISIONING_PROFILE_SPECIFIER = "";
				SWIFT_VERSION = 4.2;
				TARGETED_DEVICE_FAMILY = "1,2";
			};
			name = Release;
		};
/* End XCBuildConfiguration section */

/* Begin XCConfigurationList section */
		69AC908921CBA4A4005B74E3 /* Build configuration list for PBXProject "PhoneLibrary" */ = {
			isa = XCConfigurationList;
			buildConfigurations = (
				69AC909E21CBA4A6005B74E3 /* Debug */,
				69AC909F21CBA4A6005B74E3 /* Release */,
			);
			defaultConfigurationIsVisible = 0;
			defaultConfigurationName = Release;
		};
		69AC90A021CBA4A6005B74E3 /* Build configuration list for PBXNativeTarget "PhoneLibrary" */ = {
			isa = XCConfigurationList;
			buildConfigurations = (
				69AC90A121CBA4A6005B74E3 /* Debug */,
				69AC90A221CBA4A6005B74E3 /* Release */,
			);
			defaultConfigurationIsVisible = 0;
			defaultConfigurationName = Release;
		};
/* End XCConfigurationList section */
	};
	rootObject = 69AC908621CBA4A4005B74E3 /* Project object */;
}
